PODS:
  - VSPagingScrollView (1.0.1)

DEPENDENCIES:
  - VSPagingScrollView (from `~/Documents/Projects/VSPagingScrollView/VSPagingScrollView.podspec`)

EXTERNAL SOURCES:
  VSPagingScrollView:
    :path: ~/Documents/Projects/VSPagingScrollView/VSPagingScrollView.podspec

SPEC CHECKSUMS:
  VSPagingScrollView: f35b1bfe5871d196b7d271756d0b6b91ef7b0970

PODFILE CHECKSUM: d14e81689e24c9c4c678e536a71eac2fb0a0c134

COCOAPODS: 1.0.0
