// !$*UTF8*$!
{
	archiveVersion = 1;
	classes = {
	};
	objectVersion = 46;
	objects = {

/* Begin PBXBuildFile section */
		712F6FAA7ABE307E76A3D91A /* libPods-VSPagingScrollViewExample.a in Frameworks */ = {isa = PBXBuildFile; fileRef = BFC70F639036107CD2F6376E /* libPods-VSPagingScrollViewExample.a */; };
		FCE73E1D1B5E355100707D42 /* main.m in Sources */ = {isa = PBXBuildFile; fileRef = FCE73E1C1B5E355100707D42 /* main.m */; };
		FCE73E201B5E355100707D42 /* AppDelegate.m in Sources */ = {isa = PBXBuildFile; fileRef = FCE73E1F1B5E355100707D42 /* AppDelegate.m */; };
		FCE73E231B5E355100707D42 /* ViewController.m in Sources */ = {isa = PBXBuildFile; fileRef = FCE73E221B5E355100707D42 /* ViewController.m */; };
		FCE73E261B5E355100707D42 /* Main.storyboard in Resources */ = {isa = PBXBuildFile; fileRef = FCE73E241B5E355100707D42 /* Main.storyboard */; };
		FCE73E281B5E355100707D42 /* Images.xcassets in Resources */ = {isa = PBXBuildFile; fileRef = FCE73E271B5E355100707D42 /* Images.xcassets */; };
		FCE73E2B1B5E355100707D42 /* LaunchScreen.xib in Resources */ = {isa = PBXBuildFile; fileRef = FCE73E291B5E355100707D42 /* LaunchScreen.xib */; };
		FCE73E371B5E355100707D42 /* VSPagingScrollViewExampleTests.m in Sources */ = {isa = PBXBuildFile; fileRef = FCE73E361B5E355100707D42 /* VSPagingScrollViewExampleTests.m */; };
		FCE73E411B5E358600707D42 /* Podfile in Resources */ = {isa = PBXBuildFile; fileRef = FCE73E401B5E358600707D42 /* Podfile */; };
/* End PBXBuildFile section */

/* Begin PBXContainerItemProxy section */
		FCE73E311B5E355100707D42 /* PBXContainerItemProxy */ = {
			isa = PBXContainerItemProxy;
			containerPortal = FCE73E0F1B5E355100707D42 /* Project object */;
			proxyType = 1;
			remoteGlobalIDString = FCE73E161B5E355100707D42;
			remoteInfo = VSPagingScrollViewExample;
		};
/* End PBXContainerItemProxy section */

/* Begin PBXFileReference section */
		8251D5CC85561F54F5491271 /* Pods-VSPagingScrollViewExample.release.xcconfig */ = {isa = PBXFileReference; includeInIndex = 1; lastKnownFileType = text.xcconfig; name = "Pods-VSPagingScrollViewExample.release.xcconfig"; path = "Pods/Target Support Files/Pods-VSPagingScrollViewExample/Pods-VSPagingScrollViewExample.release.xcconfig"; sourceTree = "<group>"; };
		88D76CCE8821EDD12313BE66 /* Pods-VSPagingScrollViewExample.debug.xcconfig */ = {isa = PBXFileReference; includeInIndex = 1; lastKnownFileType = text.xcconfig; name = "Pods-VSPagingScrollViewExample.debug.xcconfig"; path = "Pods/Target Support Files/Pods-VSPagingScrollViewExample/Pods-VSPagingScrollViewExample.debug.xcconfig"; sourceTree = "<group>"; };
		BFC70F639036107CD2F6376E /* libPods-VSPagingScrollViewExample.a */ = {isa = PBXFileReference; explicitFileType = archive.ar; includeInIndex = 0; path = "libPods-VSPagingScrollViewExample.a"; sourceTree = BUILT_PRODUCTS_DIR; };
		FCE73E171B5E355100707D42 /* VSPagingScrollViewExample.app */ = {isa = PBXFileReference; explicitFileType = wrapper.application; includeInIndex = 0; path = VSPagingScrollViewExample.app; sourceTree = BUILT_PRODUCTS_DIR; };
		FCE73E1B1B5E355100707D42 /* Info.plist */ = {isa = PBXFileReference; lastKnownFileType = text.plist.xml; path = Info.plist; sourceTree = "<group>"; };
		FCE73E1C1B5E355100707D42 /* main.m */ = {isa = PBXFileReference; lastKnownFileType = sourcecode.c.objc; path = main.m; sourceTree = "<group>"; };
		FCE73E1E1B5E355100707D42 /* AppDelegate.h */ = {isa = PBXFileReference; lastKnownFileType = sourcecode.c.h; path = AppDelegate.h; sourceTree = "<group>"; };
		FCE73E1F1B5E355100707D42 /* AppDelegate.m */ = {isa = PBXFileReference; lastKnownFileType = sourcecode.c.objc; path = AppDelegate.m; sourceTree = "<group>"; };
		FCE73E211B5E355100707D42 /* ViewController.h */ = {isa = PBXFileReference; lastKnownFileType = sourcecode.c.h; path = ViewController.h; sourceTree = "<group>"; };
		FCE73E221B5E355100707D42 /* ViewController.m */ = {isa = PBXFileReference; lastKnownFileType = sourcecode.c.objc; path = ViewController.m; sourceTree = "<group>"; };
		FCE73E251B5E355100707D42 /* Base */ = {isa = PBXFileReference; lastKnownFileType = file.storyboard; name = Base; path = Base.lproj/Main.storyboard; sourceTree = "<group>"; };
		FCE73E271B5E355100707D42 /* Images.xcassets */ = {isa = PBXFileReference; lastKnownFileType = folder.assetcatalog; path = Images.xcassets; sourceTree = "<group>"; };
		FCE73E2A1B5E355100707D42 /* Base */ = {isa = PBXFileReference; lastKnownFileType = file.xib; name = Base; path = Base.lproj/LaunchScreen.xib; sourceTree = "<group>"; };
		FCE73E301B5E355100707D42 /* VSPagingScrollViewExampleTests.xctest */ = {isa = PBXFileReference; explicitFileType = wrapper.cfbundle; includeInIndex = 0; path = VSPagingScrollViewExampleTests.xctest; sourceTree = BUILT_PRODUCTS_DIR; };
		FCE73E351B5E355100707D42 /* Info.plist */ = {isa = PBXFileReference; lastKnownFileType = text.plist.xml; path = Info.plist; sourceTree = "<group>"; };
		FCE73E361B5E355100707D42 /* VSPagingScrollViewExampleTests.m */ = {isa = PBXFileReference; lastKnownFileType = sourcecode.c.objc; path = VSPagingScrollViewExampleTests.m; sourceTree = "<group>"; };
		FCE73E401B5E358600707D42 /* Podfile */ = {isa = PBXFileReference; fileEncoding = 4; lastKnownFileType = text; path = Podfile; sourceTree = "<group>"; xcLanguageSpecificationIdentifier = xcode.lang.ruby; };
/* End PBXFileReference section */

/* Begin PBXFrameworksBuildPhase section */
		FCE73E141B5E355100707D42 /* Frameworks */ = {
			isa = PBXFrameworksBuildPhase;
			buildActionMask = 2147483647;
			files = (
				712F6FAA7ABE307E76A3D91A /* libPods-VSPagingScrollViewExample.a in Frameworks */,
			);
			runOnlyForDeploymentPostprocessing = 0;
		};
		FCE73E2D1B5E355100707D42 /* Frameworks */ = {
			isa = PBXFrameworksBuildPhase;
			buildActionMask = 2147483647;
			files = (
			);
			runOnlyForDeploymentPostprocessing = 0;
		};
/* End PBXFrameworksBuildPhase section */

/* Begin PBXGroup section */
		955BF2832A9EB4B9B0A62FE8 /* Frameworks */ = {
			isa = PBXGroup;
			children = (
				BFC70F639036107CD2F6376E /* libPods-VSPagingScrollViewExample.a */,
			);
			name = Frameworks;
			sourceTree = "<group>";
		};
		AEFAC2542D712CF364149DBD /* Pods */ = {
			isa = PBXGroup;
			children = (
				88D76CCE8821EDD12313BE66 /* Pods-VSPagingScrollViewExample.debug.xcconfig */,
				8251D5CC85561F54F5491271 /* Pods-VSPagingScrollViewExample.release.xcconfig */,
			);
			name = Pods;
			sourceTree = "<group>";
		};
		FCE73E0E1B5E355100707D42 = {
			isa = PBXGroup;
			children = (
				FCE73E401B5E358600707D42 /* Podfile */,
				FCE73E191B5E355100707D42 /* VSPagingScrollViewExample */,
				FCE73E331B5E355100707D42 /* VSPagingScrollViewExampleTests */,
				FCE73E181B5E355100707D42 /* Products */,
				AEFAC2542D712CF364149DBD /* Pods */,
				955BF2832A9EB4B9B0A62FE8 /* Frameworks */,
			);
			sourceTree = "<group>";
		};
		FCE73E181B5E355100707D42 /* Products */ = {
			isa = PBXGroup;
			children = (
				FCE73E171B5E355100707D42 /* VSPagingScrollViewExample.app */,
				FCE73E301B5E355100707D42 /* VSPagingScrollViewExampleTests.xctest */,
			);
			name = Products;
			sourceTree = "<group>";
		};
		FCE73E191B5E355100707D42 /* VSPagingScrollViewExample */ = {
			isa = PBXGroup;
			children = (
				FCE73E1E1B5E355100707D42 /* AppDelegate.h */,
				FCE73E1F1B5E355100707D42 /* AppDelegate.m */,
				FCE73E211B5E355100707D42 /* ViewController.h */,
				FCE73E221B5E355100707D42 /* ViewController.m */,
				FCE73E241B5E355100707D42 /* Main.storyboard */,
				FCE73E271B5E355100707D42 /* Images.xcassets */,
				FCE73E291B5E355100707D42 /* LaunchScreen.xib */,
				FCE73E1A1B5E355100707D42 /* Supporting Files */,
			);
			path = VSPagingScrollViewExample;
			sourceTree = "<group>";
		};
		FCE73E1A1B5E355100707D42 /* Supporting Files */ = {
			isa = PBXGroup;
			children = (
				FCE73E1B1B5E355100707D42 /* Info.plist */,
				FCE73E1C1B5E355100707D42 /* main.m */,
			);
			name = "Supporting Files";
			sourceTree = "<group>";
		};
		FCE73E331B5E355100707D42 /* VSPagingScrollViewExampleTests */ = {
			isa = PBXGroup;
			children = (
				FCE73E361B5E355100707D42 /* VSPagingScrollViewExampleTests.m */,
				FCE73E341B5E355100707D42 /* Supporting Files */,
			);
			path = VSPagingScrollViewExampleTests;
			sourceTree = "<group>";
		};
		FCE73E341B5E355100707D42 /* Supporting Files */ = {
			isa = PBXGroup;
			children = (
				FCE73E351B5E355100707D42 /* Info.plist */,
			);
			name = "Supporting Files";
			sourceTree = "<group>";
		};
/* End PBXGroup section */

/* Begin PBXNativeTarget section */
		FCE73E161B5E355100707D42 /* VSPagingScrollViewExample */ = {
			isa = PBXNativeTarget;
			buildConfigurationList = FCE73E3A1B5E355100707D42 /* Build configuration list for PBXNativeTarget "VSPagingScrollViewExample" */;
			buildPhases = (
				17A98278719849454958D42F /* 📦 Check Pods Manifest.lock */,
				FCE73E131B5E355100707D42 /* Sources */,
				FCE73E141B5E355100707D42 /* Frameworks */,
				FCE73E151B5E355100707D42 /* Resources */,
				D806C2914BDBFDAE8B1811F2 /* 📦 Embed Pods Frameworks */,
				E9426B824497F93904ECF3A0 /* 📦 Copy Pods Resources */,
			);
			buildRules = (
			);
			dependencies = (
			);
			name = VSPagingScrollViewExample;
			productName = VSPagingScrollViewExample;
			productReference = FCE73E171B5E355100707D42 /* VSPagingScrollViewExample.app */;
			productType = "com.apple.product-type.application";
		};
		FCE73E2F1B5E355100707D42 /* VSPagingScrollViewExampleTests */ = {
			isa = PBXNativeTarget;
			buildConfigurationList = FCE73E3D1B5E355100707D42 /* Build configuration list for PBXNativeTarget "VSPagingScrollViewExampleTests" */;
			buildPhases = (
				FCE73E2C1B5E355100707D42 /* Sources */,
				FCE73E2D1B5E355100707D42 /* Frameworks */,
				FCE73E2E1B5E355100707D42 /* Resources */,
			);
			buildRules = (
			);
			dependencies = (
				FCE73E321B5E355100707D42 /* PBXTargetDependency */,
			);
			name = VSPagingScrollViewExampleTests;
			productName = VSPagingScrollViewExampleTests;
			productReference = FCE73E301B5E355100707D42 /* VSPagingScrollViewExampleTests.xctest */;
			productType = "com.apple.product-type.bundle.unit-test";
		};
/* End PBXNativeTarget section */

/* Begin PBXProject section */
		FCE73E0F1B5E355100707D42 /* Project object */ = {
			isa = PBXProject;
			attributes = {
				LastUpgradeCheck = 0730;
				ORGANIZATIONNAME = "Valentin Shamardin";
				TargetAttributes = {
					FCE73E161B5E355100707D42 = {
						CreatedOnToolsVersion = 6.4;
					};
					FCE73E2F1B5E355100707D42 = {
						CreatedOnToolsVersion = 6.4;
						TestTargetID = FCE73E161B5E355100707D42;
					};
				};
			};
			buildConfigurationList = FCE73E121B5E355100707D42 /* Build configuration list for PBXProject "VSPagingScrollViewExample" */;
			compatibilityVersion = "Xcode 3.2";
			developmentRegion = English;
			hasScannedForEncodings = 0;
			knownRegions = (
				en,
				Base,
			);
			mainGroup = FCE73E0E1B5E355100707D42;
			productRefGroup = FCE73E181B5E355100707D42 /* Products */;
			projectDirPath = "";
			projectRoot = "";
			targets = (
				FCE73E161B5E355100707D42 /* VSPagingScrollViewExample */,
				FCE73E2F1B5E355100707D42 /* VSPagingScrollViewExampleTests */,
			);
		};
/* End PBXProject section */

/* Begin PBXResourcesBuildPhase section */
		FCE73E151B5E355100707D42 /* Resources */ = {
			isa = PBXResourcesBuildPhase;
			buildActionMask = 2147483647;
			files = (
				FCE73E261B5E355100707D42 /* Main.storyboard in Resources */,
				FCE73E2B1B5E355100707D42 /* LaunchScreen.xib in Resources */,
				FCE73E411B5E358600707D42 /* Podfile in Resources */,
				FCE73E281B5E355100707D42 /* Images.xcassets in Resources */,
			);
			runOnlyForDeploymentPostprocessing = 0;
		};
		FCE73E2E1B5E355100707D42 /* Resources */ = {
			isa = PBXResourcesBuildPhase;
			buildActionMask = 2147483647;
			files = (
			);
			runOnlyForDeploymentPostprocessing = 0;
		};
/* End PBXResourcesBuildPhase section */

/* Begin PBXShellScriptBuildPhase section */
		17A98278719849454958D42F /* 📦 Check Pods Manifest.lock */ = {
			isa = PBXShellScriptBuildPhase;
			buildActionMask = 2147483647;
			files = (
			);
			inputPaths = (
			);
			name = "📦 Check Pods Manifest.lock";
			outputPaths = (
			);
			runOnlyForDeploymentPostprocessing = 0;
			shellPath = /bin/sh;
			shellScript = "diff \"${PODS_ROOT}/../Podfile.lock\" \"${PODS_ROOT}/Manifest.lock\" > /dev/null\nif [[ $? != 0 ]] ; then\n    cat << EOM\nerror: The sandbox is not in sync with the Podfile.lock. Run 'pod install' or update your CocoaPods installation.\nEOM\n    exit 1\nfi\n";
			showEnvVarsInLog = 0;
		};
		D806C2914BDBFDAE8B1811F2 /* 📦 Embed Pods Frameworks */ = {
			isa = PBXShellScriptBuildPhase;
			buildActionMask = 2147483647;
			files = (
			);
			inputPaths = (
			);
			name = "📦 Embed Pods Frameworks";
			outputPaths = (
			);
			runOnlyForDeploymentPostprocessing = 0;
			shellPath = /bin/sh;
			shellScript = "\"${SRCROOT}/Pods/Target Support Files/Pods-VSPagingScrollViewExample/Pods-VSPagingScrollViewExample-frameworks.sh\"\n";
			showEnvVarsInLog = 0;
		};
		E9426B824497F93904ECF3A0 /* 📦 Copy Pods Resources */ = {
			isa = PBXShellScriptBuildPhase;
			buildActionMask = 2147483647;
			files = (
			);
			inputPaths = (
			);
			name = "📦 Copy Pods Resources";
			outputPaths = (
			);
			runOnlyForDeploymentPostprocessing = 0;
			shellPath = /bin/sh;
			shellScript = "\"${SRCROOT}/Pods/Target Support Files/Pods-VSPagingScrollViewExample/Pods-VSPagingScrollViewExample-resources.sh\"\n";
			showEnvVarsInLog = 0;
		};
/* End PBXShellScriptBuildPhase section */

/* Begin PBXSourcesBuildPhase section */
		FCE73E131B5E355100707D42 /* Sources */ = {
			isa = PBXSourcesBuildPhase;
			buildActionMask = 2147483647;
			files = (
				FCE73E231B5E355100707D42 /* ViewController.m in Sources */,
				FCE73E201B5E355100707D42 /* AppDelegate.m in Sources */,
				FCE73E1D1B5E355100707D42 /* main.m in Sources */,
			);
			runOnlyForDeploymentPostprocessing = 0;
		};
		FCE73E2C1B5E355100707D42 /* Sources */ = {
			isa = PBXSourcesBuildPhase;
			buildActionMask = 2147483647;
			files = (
				FCE73E371B5E355100707D42 /* VSPagingScrollViewExampleTests.m in Sources */,
			);
			runOnlyForDeploymentPostprocessing = 0;
		};
/* End PBXSourcesBuildPhase section */

/* Begin PBXTargetDependency section */
		FCE73E321B5E355100707D42 /* PBXTargetDependency */ = {
			isa = PBXTargetDependency;
			target = FCE73E161B5E355100707D42 /* VSPagingScrollViewExample */;
			targetProxy = FCE73E311B5E355100707D42 /* PBXContainerItemProxy */;
		};
/* End PBXTargetDependency section */

/* Begin PBXVariantGroup section */
		FCE73E241B5E355100707D42 /* Main.storyboard */ = {
			isa = PBXVariantGroup;
			children = (
				FCE73E251B5E355100707D42 /* Base */,
			);
			name = Main.storyboard;
			sourceTree = "<group>";
		};
		FCE73E291B5E355100707D42 /* LaunchScreen.xib */ = {
			isa = PBXVariantGroup;
			children = (
				FCE73E2A1B5E355100707D42 /* Base */,
			);
			name = LaunchScreen.xib;
			sourceTree = "<group>";
		};
/* End PBXVariantGroup section */

/* Begin XCBuildConfiguration section */
		FCE73E381B5E355100707D42 /* Debug */ = {
			isa = XCBuildConfiguration;
			buildSettings = {
				ALWAYS_SEARCH_USER_PATHS = NO;
				CLANG_CXX_LANGUAGE_STANDARD = "gnu++0x";
				CLANG_CXX_LIBRARY = "libc++";
				CLANG_ENABLE_MODULES = YES;
				CLANG_ENABLE_OBJC_ARC = YES;
				CLANG_WARN_BOOL_CONVERSION = YES;
				CLANG_WARN_CONSTANT_CONVERSION = YES;
				CLANG_WARN_DIRECT_OBJC_ISA_USAGE = YES_ERROR;
				CLANG_WARN_EMPTY_BODY = YES;
				CLANG_WARN_ENUM_CONVERSION = YES;
				CLANG_WARN_INT_CONVERSION = YES;
				CLANG_WARN_OBJC_ROOT_CLASS = YES_ERROR;
				CLANG_WARN_UNREACHABLE_CODE = YES;
				CLANG_WARN__DUPLICATE_METHOD_MATCH = YES;
				"CODE_SIGN_IDENTITY[sdk=iphoneos*]" = "iPhone Developer";
				COPY_PHASE_STRIP = NO;
				DEBUG_INFORMATION_FORMAT = "dwarf-with-dsym";
				ENABLE_STRICT_OBJC_MSGSEND = YES;
				ENABLE_TESTABILITY = YES;
				GCC_C_LANGUAGE_STANDARD = gnu99;
				GCC_DYNAMIC_NO_PIC = NO;
				GCC_NO_COMMON_BLOCKS = YES;
				GCC_OPTIMIZATION_LEVEL = 0;
				GCC_PREPROCESSOR_DEFINITIONS = (
					"DEBUG=1",
					"$(inherited)",
				);
				GCC_SYMBOLS_PRIVATE_EXTERN = NO;
				GCC_WARN_64_TO_32_BIT_CONVERSION = YES;
				GCC_WARN_ABOUT_RETURN_TYPE = YES_ERROR;
				GCC_WARN_UNDECLARED_SELECTOR = YES;
				GCC_WARN_UNINITIALIZED_AUTOS = YES_AGGRESSIVE;
				GCC_WARN_UNUSED_FUNCTION = YES;
				GCC_WARN_UNUSED_VARIABLE = YES;
				IPHONEOS_DEPLOYMENT_TARGET = 8.0;
				MTL_ENABLE_DEBUG_INFO = YES;
				ONLY_ACTIVE_ARCH = YES;
				SDKROOT = iphoneos;
				TARGETED_DEVICE_FAMILY = "1,2";
			};
			name = Debug;
		};
		FCE73E391B5E355100707D42 /* Release */ = {
			isa = XCBuildConfiguration;
			buildSettings = {
				ALWAYS_SEARCH_USER_PATHS = NO;
				CLANG_CXX_LANGUAGE_STANDARD = "gnu++0x";
				CLANG_CXX_LIBRARY = "libc++";
				CLANG_ENABLE_MODULES = YES;
				CLANG_ENABLE_OBJC_ARC = YES;
				CLANG_WARN_BOOL_CONVERSION = YES;
				CLANG_WARN_CONSTANT_CONVERSION = YES;
				CLANG_WARN_DIRECT_OBJC_ISA_USAGE = YES_ERROR;
				CLANG_WARN_EMPTY_BODY = YES;
				CLANG_WARN_ENUM_CONVERSION = YES;
				CLANG_WARN_INT_CONVERSION = YES;
				CLANG_WARN_OBJC_ROOT_CLASS = YES_ERROR;
				CLANG_WARN_UNREACHABLE_CODE = YES;
				CLANG_WARN__DUPLICATE_METHOD_MATCH = YES;
				"CODE_SIGN_IDENTITY[sdk=iphoneos*]" = "iPhone Developer";
				COPY_PHASE_STRIP = NO;
				DEBUG_INFORMATION_FORMAT = "dwarf-with-dsym";
				ENABLE_NS_ASSERTIONS = NO;
				ENABLE_STRICT_OBJC_MSGSEND = YES;
				GCC_C_LANGUAGE_STANDARD = gnu99;
				GCC_NO_COMMON_BLOCKS = YES;
				GCC_WARN_64_TO_32_BIT_CONVERSION = YES;
				GCC_WARN_ABOUT_RETURN_TYPE = YES_ERROR;
				GCC_WARN_UNDECLARED_SELECTOR = YES;
				GCC_WARN_UNINITIALIZED_AUTOS = YES_AGGRESSIVE;
				GCC_WARN_UNUSED_FUNCTION = YES;
				GCC_WARN_UNUSED_VARIABLE = YES;
				IPHONEOS_DEPLOYMENT_TARGET = 8.0;
				MTL_ENABLE_DEBUG_INFO = NO;
				SDKROOT = iphoneos;
				TARGETED_DEVICE_FAMILY = "1,2";
				VALIDATE_PRODUCT = YES;
			};
			name = Release;
		};
		FCE73E3B1B5E355100707D42 /* Debug */ = {
			isa = XCBuildConfiguration;
			baseConfigurationReference = 88D76CCE8821EDD12313BE66 /* Pods-VSPagingScrollViewExample.debug.xcconfig */;
			buildSettings = {
				ASSETCATALOG_COMPILER_APPICON_NAME = AppIcon;
				INFOPLIST_FILE = VSPagingScrollViewExample/Info.plist;
				IPHONEOS_DEPLOYMENT_TARGET = 8.0;
				LD_RUNPATH_SEARCH_PATHS = "$(inherited) @executable_path/Frameworks";
				PRODUCT_BUNDLE_IDENTIFIER = "poglicier.$(PRODUCT_NAME:rfc1034identifier)";
				PRODUCT_NAME = "$(TARGET_NAME)";
			};
			name = Debug;
		};
		FCE73E3C1B5E355100707D42 /* Release */ = {
			isa = XCBuildConfiguration;
			baseConfigurationReference = 8251D5CC85561F54F5491271 /* Pods-VSPagingScrollViewExample.release.xcconfig */;
			buildSettings = {
				ASSETCATALOG_COMPILER_APPICON_NAME = AppIcon;
				INFOPLIST_FILE = VSPagingScrollViewExample/Info.plist;
				IPHONEOS_DEPLOYMENT_TARGET = 8.0;
				LD_RUNPATH_SEARCH_PATHS = "$(inherited) @executable_path/Frameworks";
				PRODUCT_BUNDLE_IDENTIFIER = "poglicier.$(PRODUCT_NAME:rfc1034identifier)";
				PRODUCT_NAME = "$(TARGET_NAME)";
			};
			name = Release;
		};
		FCE73E3E1B5E355100707D42 /* Debug */ = {
			isa = XCBuildConfiguration;
			buildSettings = {
				BUNDLE_LOADER = "$(TEST_HOST)";
				FRAMEWORK_SEARCH_PATHS = "";
				GCC_PREPROCESSOR_DEFINITIONS = (
					"DEBUG=1",
					"$(inherited)",
				);
				INFOPLIST_FILE = VSPagingScrollViewExampleTests/Info.plist;
				LD_RUNPATH_SEARCH_PATHS = "$(inherited) @executable_path/Frameworks @loader_path/Frameworks";
				PRODUCT_BUNDLE_IDENTIFIER = "poglicier.$(PRODUCT_NAME:rfc1034identifier)";
				PRODUCT_NAME = "$(TARGET_NAME)";
				TEST_HOST = "$(BUILT_PRODUCTS_DIR)/VSPagingScrollViewExample.app/VSPagingScrollViewExample";
			};
			name = Debug;
		};
		FCE73E3F1B5E355100707D42 /* Release */ = {
			isa = XCBuildConfiguration;
			buildSettings = {
				BUNDLE_LOADER = "$(TEST_HOST)";
				FRAMEWORK_SEARCH_PATHS = "";
				INFOPLIST_FILE = VSPagingScrollViewExampleTests/Info.plist;
				LD_RUNPATH_SEARCH_PATHS = "$(inherited) @executable_path/Frameworks @loader_path/Frameworks";
				PRODUCT_BUNDLE_IDENTIFIER = "poglicier.$(PRODUCT_NAME:rfc1034identifier)";
				PRODUCT_NAME = "$(TARGET_NAME)";
				TEST_HOST = "$(BUILT_PRODUCTS_DIR)/VSPagingScrollViewExample.app/VSPagingScrollViewExample";
			};
			name = Release;
		};
/* End XCBuildConfiguration section */

/* Begin XCConfigurationList section */
		FCE73E121B5E355100707D42 /* Build configuration list for PBXProject "VSPagingScrollViewExample" */ = {
			isa = XCConfigurationList;
			buildConfigurations = (
				FCE73E381B5E355100707D42 /* Debug */,
				FCE73E391B5E355100707D42 /* Release */,
			);
			defaultConfigurationIsVisible = 0;
			defaultConfigurationName = Release;
		};
		FCE73E3A1B5E355100707D42 /* Build configuration list for PBXNativeTarget "VSPagingScrollViewExample" */ = {
			isa = XCConfigurationList;
			buildConfigurations = (
				FCE73E3B1B5E355100707D42 /* Debug */,
				FCE73E3C1B5E355100707D42 /* Release */,
			);
			defaultConfigurationIsVisible = 0;
			defaultConfigurationName = Release;
		};
		FCE73E3D1B5E355100707D42 /* Build configuration list for PBXNativeTarget "VSPagingScrollViewExampleTests" */ = {
			isa = XCConfigurationList;
			buildConfigurations = (
				FCE73E3E1B5E355100707D42 /* Debug */,
				FCE73E3F1B5E355100707D42 /* Release */,
			);
			defaultConfigurationIsVisible = 0;
			defaultConfigurationName = Release;
		};
/* End XCConfigurationList section */
	};
	rootObject = FCE73E0F1B5E355100707D42 /* Project object */;
}
